Microsoft Visual Studio Solution File, Format Version 12.00
# Visual Studio Version 17
Project("{FAE04EC0-301F-11D3-BF4B-00C04F79EFBC}") = "FlappyX.Godot", "FlappyX.Godot.csproj", "{3A7A8E7F-3A28-465E-A741-C98F8C886463}"
EndProject
Global
    GlobalSection(SolutionConfigurationPlatforms) = preSolution
        Debug|Any CPU = Debug|Any CPU
        ExportDebug|Any CPU = ExportDebug|Any CPU
        ExportRelease|Any CPU = ExportRelease|Any CPU
    EndGlobalSection
    GlobalSection(ProjectConfigurationPlatforms) = postSolution
        {3A7A8E7F-3A28-465E-A741-C98F8C886463}.Debug|Any CPU.ActiveCfg = Debug|Any CPU
        {3A7A8E7F-3A28-465E-A741-C98F8C886463}.Debug|Any CPU.Build.0 = Debug|Any CPU
        {3A7A8E7F-3A28-465E-A741-C98F8C886463}.ExportDebug|Any CPU.ActiveCfg = ExportDebug|Any CPU
        {3A7A8E7F-3A28-465E-A741-C98F8C886463}.ExportDebug|Any CPU.Build.0 = ExportDebug|Any CPU
        {3A7A8E7F-3A28-465E-A741-C98F8C886463}.ExportRelease|Any CPU.ActiveCfg = ExportRelease|Any CPU
        {3A7A8E7F-3A28-465E-A741-C98F8C886463}.ExportRelease|Any CPU.Build.0 = ExportRelease|Any CPU
    EndGlobalSection
EndGlobal
